
Microsoft Visual Studio Solution File, Format Version 12.00
# Visual Studio Version 17
VisualStudioVersion = 17.8.34525.116
MinimumVisualStudioVersion = 10.0.40219.1
Project("{9A19103F-16F7-4668-BE54-9A1E7A4F7556}") = "SportsBar", "SportsBar.csproj", "{D9C8CF19-866E-4720-9413-4BB1D3FB7253}"
EndProject
Project("{FAE04EC0-301F-11D3-BF4B-00C04F79EFBC}") = "SportsBar.UnitTests", "..\SportsBar.UnitTests\SportsBar.UnitTests.csproj", "{1B127E03-763D-46FF-98BF-2D604B64FFA3}"
	ProjectSection(ProjectDependencies) = postProject
		{D9C8CF19-866E-4720-9413-4BB1D3FB7253} = {D9C8CF19-866E-4720-9413-4BB1D3FB7253}
	EndProjectSection
EndProject
Global
	GlobalSection(SolutionConfigurationPlatforms) = preSolution
		Debug|Any CPU = Debug|Any CPU
		Release|Any CPU = Release|Any CPU
	EndGlobalSection
	GlobalSection(ProjectConfigurationPlatforms) = postSolution
		{D9C8CF19-866E-4720-9413-4BB1D3FB7253}.Debug|Any CPU.ActiveCfg = Debug|Any CPU
		{D9C8CF19-866E-4720-9413-4BB1D3FB7253}.Debug|Any CPU.Build.0 = Debug|Any CPU
		{D9C8CF19-866E-4720-9413-4BB1D3FB7253}.Release|Any CPU.ActiveCfg = Release|Any CPU
		{D9C8CF19-866E-4720-9413-4BB1D3FB7253}.Release|Any CPU.Build.0 = Release|Any CPU
		{1B127E03-763D-46FF-98BF-2D604B64FFA3}.Debug|Any CPU.ActiveCfg = Debug|Any CPU
		{1B127E03-763D-46FF-98BF-2D604B64FFA3}.Debug|Any CPU.Build.0 = Debug|Any CPU
		{1B127E03-763D-46FF-98BF-2D604B64FFA3}.Release|Any CPU.ActiveCfg = Release|Any CPU
		{1B127E03-763D-46FF-98BF-2D604B64FFA3}.Release|Any CPU.Build.0 = Release|Any CPU
	EndGlobalSection
	GlobalSection(SolutionProperties) = preSolution
		HideSolutionNode = FALSE
	EndGlobalSection
	GlobalSection(ExtensibilityGlobals) = postSolution
		SolutionGuid = {296FDDD8-5339-4220-99E0-94F99B32277E}
	EndGlobalSection
EndGlobal
